
Microsoft Visual Studio Solution File, Format Version 12.00
# Visual Studio Version 16
VisualStudioVersion = 16.0.32630.194
MinimumVisualStudioVersion = 10.0.40219.1
Project("{8BC9CEB8-8B4A-11D0-8D11-00A0C91BC942}") = "FileSystem", "FileSystem\FileSystem.vcxproj", "{65B735A2-34D8-481C-8EEB-E7B2E3B60C37}"
EndProject
Global
	GlobalSection(SolutionConfigurationPlatforms) = preSolution
		Debug|x64 = Debug|x64
		Debug|x86 = Debug|x86
		Release|x64 = Release|x64
		Release|x86 = Release|x86
	EndGlobalSection
	GlobalSection(ProjectConfigurationPlatforms) = postSolution
		{65B735A2-34D8-481C-8EEB-E7B2E3B60C37}.Debug|x64.ActiveCfg = Debug|x64
		{65B735A2-34D8-481C-8EEB-E7B2E3B60C37}.Debug|x64.Build.0 = Debug|x64
		{65B735A2-34D8-481C-8EEB-E7B2E3B60C37}.Debug|x86.ActiveCfg = Debug|Win32
		{65B735A2-34D8-481C-8EEB-E7B2E3B60C37}.Debug|x86.Build.0 = Debug|Win32
		{65B735A2-34D8-481C-8EEB-E7B2E3B60C37}.Release|x64.ActiveCfg = Release|x64
		{65B735A2-34D8-481C-8EEB-E7B2E3B60C37}.Release|x64.Build.0 = Release|x64
		{65B735A2-34D8-481C-8EEB-E7B2E3B60C37}.Release|x86.ActiveCfg = Release|Win32
		{65B735A2-34D8-481C-8EEB-E7B2E3B60C37}.Release|x86.Build.0 = Release|Win32
	EndGlobalSection
	GlobalSection(SolutionProperties) = preSolution
		HideSolutionNode = FALSE
	EndGlobalSection
	GlobalSection(ExtensibilityGlobals) = postSolution
		SolutionGuid = {3C878BA2-F0D1-4363-A468-7A06E59E278E}
	EndGlobalSection
EndGlobal
